
Microsoft Visual Studio Solution File, Format Version 12.00
# Visual Studio 15
VisualStudioVersion = 15.0.27428.2011
MinimumVisualStudioVersion = 10.0.40219.1
Project("{FAE04EC0-301F-11D3-BF4B-00C04F79EFBC}") = "TestLibrary", "TestLibrary\TestLibrary.csproj", "{45B89718-025C-43D1-B7EF-CB38595F9A79}"
EndProject
Project("{FAE04EC0-301F-11D3-BF4B-00C04F79EFBC}") = "TestLibrary.Test", "TestLibrary.Test\TestLibrary.Test.csproj", "{4C2A4A4E-4C6E-4FF8-946D-18616B5E615B}"
EndProject
Global
	GlobalSection(SolutionConfigurationPlatforms) = preSolution
		Debug|Any CPU = Debug|Any CPU
		Release|Any CPU = Release|Any CPU
	EndGlobalSection
	GlobalSection(ProjectConfigurationPlatforms) = postSolution
		{45B89718-025C-43D1-B7EF-CB38595F9A79}.Debug|Any CPU.ActiveCfg = Debug|Any CPU
		{45B89718-025C-43D1-B7EF-CB38595F9A79}.Debug|Any CPU.Build.0 = Debug|Any CPU
		{45B89718-025C-43D1-B7EF-CB38595F9A79}.Release|Any CPU.ActiveCfg = Release|Any CPU
		{45B89718-025C-43D1-B7EF-CB38595F9A79}.Release|Any CPU.Build.0 = Release|Any CPU
		{4C2A4A4E-4C6E-4FF8-946D-18616B5E615B}.Debug|Any CPU.ActiveCfg = Debug|Any CPU
		{4C2A4A4E-4C6E-4FF8-946D-18616B5E615B}.Debug|Any CPU.Build.0 = Debug|Any CPU
		{4C2A4A4E-4C6E-4FF8-946D-18616B5E615B}.Release|Any CPU.ActiveCfg = Release|Any CPU
		{4C2A4A4E-4C6E-4FF8-946D-18616B5E615B}.Release|Any CPU.Build.0 = Release|Any CPU
	EndGlobalSection
	GlobalSection(SolutionProperties) = preSolution
		HideSolutionNode = FALSE
	EndGlobalSection
	GlobalSection(ExtensibilityGlobals) = postSolution
		SolutionGuid = {00CF1C5D-E9EE-493D-811C-A8C89E42FDD5}
	EndGlobalSection
EndGlobal
